
Microsoft Visual Studio Solution File, Format Version 12.00
# Visual Studio Version 17
VisualStudioVersion = 17.11.35208.52
MinimumVisualStudioVersion = 10.0.40219.1
Project("{FAE04EC0-301F-11D3-BF4B-00C04F79EFBC}") = "ProyectoEjercicioCondicionalesYBucles", "ProyectoEjercicioCondicionalesYBucles\ProyectoEjercicioCondicionalesYBucles.csproj", "{ECCE7B5D-EA2E-47AC-A5CF-78CEABC5199B}"
EndProject
Global
	GlobalSection(SolutionConfigurationPlatforms) = preSolution
		Debug|Any CPU = Debug|Any CPU
		Release|Any CPU = Release|Any CPU
	EndGlobalSection
	GlobalSection(ProjectConfigurationPlatforms) = postSolution
		{ECCE7B5D-EA2E-47AC-A5CF-78CEABC5199B}.Debug|Any CPU.ActiveCfg = Debug|Any CPU
		{ECCE7B5D-EA2E-47AC-A5CF-78CEABC5199B}.Debug|Any CPU.Build.0 = Debug|Any CPU
		{ECCE7B5D-EA2E-47AC-A5CF-78CEABC5199B}.Release|Any CPU.ActiveCfg = Release|Any CPU
		{ECCE7B5D-EA2E-47AC-A5CF-78CEABC5199B}.Release|Any CPU.Build.0 = Release|Any CPU
	EndGlobalSection
	GlobalSection(SolutionProperties) = preSolution
		HideSolutionNode = FALSE
	EndGlobalSection
	GlobalSection(ExtensibilityGlobals) = postSolution
		SolutionGuid = {178080C1-3713-4EE5-A36C-803D684FAEDF}
	EndGlobalSection
EndGlobal
